
Microsoft Visual Studio Solution File, Format Version 12.00
# Visual Studio Express 2013 for Windows Desktop
VisualStudioVersion = 12.0.30110.0
MinimumVisualStudioVersion = 10.0.40219.1
Project("{F184B08F-C81C-45F6-A57F-5ABD9991F28F}") = "FileDeploymentTool", "FileDeploymentTool\FileDeploymentTool.vbproj", "{BBD4C068-E419-4EAC-BFD7-F25D515D3F2E}"
EndProject
Project("{F184B08F-C81C-45F6-A57F-5ABD9991F28F}") = "FCClassLoader", "FCClassLoader\FCClassLoader.vbproj", "{6F7BED7E-14DF-4EDF-A83A-C83192A5A6B4}"
EndProject
Project("{F184B08F-C81C-45F6-A57F-5ABD9991F28F}") = "FHRemoteShutDown", "FHRemoteShutDown\FHRemoteShutDown.vbproj", "{5EBC2690-455E-4EEB-A7D1-99078A8D5844}"
EndProject
Project("{F184B08F-C81C-45F6-A57F-5ABD9991F28F}") = "FHResManager", "FHResManager\FHResManager.vbproj", "{D49D4436-7C27-40DF-AD74-99DECF88839E}"
EndProject
Project("{F184B08F-C81C-45F6-A57F-5ABD9991F28F}") = "FHResReader", "FHResReader\FHResReader.vbproj", "{0E75F0B6-9048-4EDE-AD1F-286C3E2E205D}"
EndProject
Project("{F184B08F-C81C-45F6-A57F-5ABD9991F28F}") = "FileEncrypterAndDecrypter", "FileEncrypterAndDecrypter\FileEncrypterAndDecrypter.vbproj", "{4942B65E-933E-4671-AB6F-D4F90126B94D}"
EndProject
Project("{F184B08F-C81C-45F6-A57F-5ABD9991F28F}") = "FileHacker", "FileHacker\FileHacker.vbproj", "{D2B9F73B-78FF-4377-B339-BE3F5BEEEAA2}"
	ProjectSection(ProjectDependencies) = postProject
		{D49D4436-7C27-40DF-AD74-99DECF88839E} = {D49D4436-7C27-40DF-AD74-99DECF88839E}
		{4942B65E-933E-4671-AB6F-D4F90126B94D} = {4942B65E-933E-4671-AB6F-D4F90126B94D}
		{BBD4C068-E419-4EAC-BFD7-F25D515D3F2E} = {BBD4C068-E419-4EAC-BFD7-F25D515D3F2E}
		{6F7BED7E-14DF-4EDF-A83A-C83192A5A6B4} = {6F7BED7E-14DF-4EDF-A83A-C83192A5A6B4}
		{4B929D8B-2CA3-49A3-B909-9056428C0367} = {4B929D8B-2CA3-49A3-B909-9056428C0367}
		{5EBC2690-455E-4EEB-A7D1-99078A8D5844} = {5EBC2690-455E-4EEB-A7D1-99078A8D5844}
		{E924CE93-18B5-427B-9BF0-C9207E999E0D} = {E924CE93-18B5-427B-9BF0-C9207E999E0D}
		{0E75F0B6-9048-4EDE-AD1F-286C3E2E205D} = {0E75F0B6-9048-4EDE-AD1F-286C3E2E205D}
		{F7D975CC-C5E3-4D2A-9CFF-9F6C8CE24032} = {F7D975CC-C5E3-4D2A-9CFF-9F6C8CE24032}
		{DCF6EED2-2AE8-4A1B-919C-FBD254E70E9C} = {DCF6EED2-2AE8-4A1B-919C-FBD254E70E9C}
	EndProjectSection
EndProject
Project("{F184B08F-C81C-45F6-A57F-5ABD9991F28F}") = "Game1", "Game1\Game1.vbproj", "{E924CE93-18B5-427B-9BF0-C9207E999E0D}"
EndProject
Project("{F184B08F-C81C-45F6-A57F-5ABD9991F28F}") = "Game1_NoFH", "Game1_NoFH\Game1_NoFH.vbproj", "{F7D975CC-C5E3-4D2A-9CFF-9F6C8CE24032}"
EndProject
Project("{F184B08F-C81C-45F6-A57F-5ABD9991F28F}") = "MyDocProtector", "MyDocProtector\MyDocProtector.vbproj", "{DCF6EED2-2AE8-4A1B-919C-FBD254E70E9C}"
EndProject
Project("{F184B08F-C81C-45F6-A57F-5ABD9991F28F}") = "PCForceLocker", "PCForceLocker\PCForceLocker.vbproj", "{4B929D8B-2CA3-49A3-B909-9056428C0367}"
EndProject
Project("{F184B08F-C81C-45F6-A57F-5ABD9991F28F}") = "PasswordAttacker", "PasswordAttacker\PasswordAttacker.vbproj", "{417265AB-23F6-4520-B23A-1B97FDD0F8B1}"
EndProject
Project("{F184B08F-C81C-45F6-A57F-5ABD9991F28F}") = "FDTSigner", "FDTSigner\FDTSigner.vbproj", "{7FDAB040-5FC4-43B1-AFFF-DC200FDA1D25}"
EndProject
Project("{F184B08F-C81C-45F6-A57F-5ABD9991F28F}") = "LocalIPChecker", "LocalIPChecker\LocalIPChecker.vbproj", "{12D883FD-CDFA-4B88-94EA-171A6F5836D8}"
EndProject
Project("{F184B08F-C81C-45F6-A57F-5ABD9991F28F}") = "FileConfiscation", "FileConfiscation\FileConfiscation.vbproj", "{B33D214D-5189-4BDE-AA38-FB6461DA2BAA}"
EndProject
Project("{F184B08F-C81C-45F6-A57F-5ABD9991F28F}") = "ReturnFile", "ReturnFile\ReturnFile.vbproj", "{BEF18B81-2C71-4EF6-906C-E0933E319C5B}"
EndProject
Global
	GlobalSection(SolutionConfigurationPlatforms) = preSolution
		Debug|Any CPU = Debug|Any CPU
		Debug|Mixed Platforms = Debug|Mixed Platforms
		Debug|Win32 = Debug|Win32
		Debug|x64 = Debug|x64
		Debug|x86 = Debug|x86
		FileHackerNormalSet|Any CPU = FileHackerNormalSet|Any CPU
		FileHackerNormalSet|Mixed Platforms = FileHackerNormalSet|Mixed Platforms
		FileHackerNormalSet|Win32 = FileHackerNormalSet|Win32
		FileHackerNormalSet|x64 = FileHackerNormalSet|x64
		FileHackerNormalSet|x86 = FileHackerNormalSet|x86
		Release|Any CPU = Release|Any CPU
		Release|Mixed Platforms = Release|Mixed Platforms
		Release|Win32 = Release|Win32
		Release|x64 = Release|x64
		Release|x86 = Release|x86
	EndGlobalSection
	GlobalSection(ProjectConfigurationPlatforms) = postSolution
		{BBD4C068-E419-4EAC-BFD7-F25D515D3F2E}.Debug|Any CPU.ActiveCfg = Debug|Any CPU
		{BBD4C068-E419-4EAC-BFD7-F25D515D3F2E}.Debug|Any CPU.Build.0 = Debug|Any CPU
		{BBD4C068-E419-4EAC-BFD7-F25D515D3F2E}.Debug|Mixed Platforms.ActiveCfg = Debug|Any CPU
		{BBD4C068-E419-4EAC-BFD7-F25D515D3F2E}.Debug|Mixed Platforms.Build.0 = Debug|Any CPU
		{BBD4C068-E419-4EAC-BFD7-F25D515D3F2E}.Debug|Win32.ActiveCfg = Debug|Any CPU
		{BBD4C068-E419-4EAC-BFD7-F25D515D3F2E}.Debug|x64.ActiveCfg = Debug|Any CPU
		{BBD4C068-E419-4EAC-BFD7-F25D515D3F2E}.Debug|x86.ActiveCfg = Debug|Any CPU
		{BBD4C068-E419-4EAC-BFD7-F25D515D3F2E}.FileHackerNormalSet|Any CPU.ActiveCfg = Release|Any CPU
		{BBD4C068-E419-4EAC-BFD7-F25D515D3F2E}.FileHackerNormalSet|Mixed Platforms.ActiveCfg = Release|Any CPU
		{BBD4C068-E419-4EAC-BFD7-F25D515D3F2E}.FileHackerNormalSet|Mixed Platforms.Build.0 = Release|Any CPU
		{BBD4C068-E419-4EAC-BFD7-F25D515D3F2E}.FileHackerNormalSet|Win32.ActiveCfg = Release|Any CPU
		{BBD4C068-E419-4EAC-BFD7-F25D515D3F2E}.FileHackerNormalSet|x64.ActiveCfg = Release|Any CPU
		{BBD4C068-E419-4EAC-BFD7-F25D515D3F2E}.FileHackerNormalSet|x86.ActiveCfg = Release|Any CPU
		{BBD4C068-E419-4EAC-BFD7-F25D515D3F2E}.Release|Any CPU.ActiveCfg = Release|Any CPU
		{BBD4C068-E419-4EAC-BFD7-F25D515D3F2E}.Release|Any CPU.Build.0 = Release|Any CPU
		{BBD4C068-E419-4EAC-BFD7-F25D515D3F2E}.Release|Mixed Platforms.ActiveCfg = Release|Any CPU
		{BBD4C068-E419-4EAC-BFD7-F25D515D3F2E}.Release|Mixed Platforms.Build.0 = Release|Any CPU
		{BBD4C068-E419-4EAC-BFD7-F25D515D3F2E}.Release|Win32.ActiveCfg = Release|Any CPU
		{BBD4C068-E419-4EAC-BFD7-F25D515D3F2E}.Release|x64.ActiveCfg = Release|Any CPU
		{BBD4C068-E419-4EAC-BFD7-F25D515D3F2E}.Release|x86.ActiveCfg = Release|Any CPU
		{6F7BED7E-14DF-4EDF-A83A-C83192A5A6B4}.Debug|Any CPU.ActiveCfg = Debug|Any CPU
		{6F7BED7E-14DF-4EDF-A83A-C83192A5A6B4}.Debug|Any CPU.Build.0 = Debug|Any CPU
		{6F7BED7E-14DF-4EDF-A83A-C83192A5A6B4}.Debug|Mixed Platforms.ActiveCfg = Debug|x86
		{6F7BED7E-14DF-4EDF-A83A-C83192A5A6B4}.Debug|Mixed Platforms.Build.0 = Debug|x86
		{6F7BED7E-14DF-4EDF-A83A-C83192A5A6B4}.Debug|Win32.ActiveCfg = Debug|x86
		{6F7BED7E-14DF-4EDF-A83A-C83192A5A6B4}.Debug|Win32.Build.0 = Debug|x86
		{6F7BED7E-14DF-4EDF-A83A-C83192A5A6B4}.Debug|x64.ActiveCfg = Debug|x64
		{6F7BED7E-14DF-4EDF-A83A-C83192A5A6B4}.Debug|x64.Build.0 = Debug|x64
		{6F7BED7E-14DF-4EDF-A83A-C83192A5A6B4}.Debug|x86.ActiveCfg = Debug|x86
		{6F7BED7E-14DF-4EDF-A83A-C83192A5A6B4}.Debug|x86.Build.0 = Debug|x86
		{6F7BED7E-14DF-4EDF-A83A-C83192A5A6B4}.FileHackerNormalSet|Any CPU.ActiveCfg = FileHackerNormalSet|Any CPU
		{6F7BED7E-14DF-4EDF-A83A-C83192A5A6B4}.FileHackerNormalSet|Any CPU.Build.0 = FileHackerNormalSet|Any CPU
		{6F7BED7E-14DF-4EDF-A83A-C83192A5A6B4}.FileHackerNormalSet|Mixed Platforms.ActiveCfg = FileHackerNormalSet|x86
		{6F7BED7E-14DF-4EDF-A83A-C83192A5A6B4}.FileHackerNormalSet|Mixed Platforms.Build.0 = FileHackerNormalSet|x86
		{6F7BED7E-14DF-4EDF-A83A-C83192A5A6B4}.FileHackerNormalSet|Win32.ActiveCfg = FileHackerNormalSet|x86
		{6F7BED7E-14DF-4EDF-A83A-C83192A5A6B4}.FileHackerNormalSet|Win32.Build.0 = FileHackerNormalSet|x86
		{6F7BED7E-14DF-4EDF-A83A-C83192A5A6B4}.FileHackerNormalSet|x64.ActiveCfg = FileHackerNormalSet|x64
		{6F7BED7E-14DF-4EDF-A83A-C83192A5A6B4}.FileHackerNormalSet|x64.Build.0 = FileHackerNormalSet|x64
		{6F7BED7E-14DF-4EDF-A83A-C83192A5A6B4}.FileHackerNormalSet|x86.ActiveCfg = FileHackerNormalSet|x86
		{6F7BED7E-14DF-4EDF-A83A-C83192A5A6B4}.FileHackerNormalSet|x86.Build.0 = FileHackerNormalSet|x86
		{6F7BED7E-14DF-4EDF-A83A-C83192A5A6B4}.Release|Any CPU.ActiveCfg = Release|Any CPU
		{6F7BED7E-14DF-4EDF-A83A-C83192A5A6B4}.Release|Any CPU.Build.0 = Release|Any CPU
		{6F7BED7E-14DF-4EDF-A83A-C83192A5A6B4}.Release|Mixed Platforms.ActiveCfg = Release|x86
		{6F7BED7E-14DF-4EDF-A83A-C83192A5A6B4}.Release|Mixed Platforms.Build.0 = Release|x86
		{6F7BED7E-14DF-4EDF-A83A-C83192A5A6B4}.Release|Win32.ActiveCfg = Release|x86
		{6F7BED7E-14DF-4EDF-A83A-C83192A5A6B4}.Release|Win32.Build.0 = Release|x86
		{6F7BED7E-14DF-4EDF-A83A-C83192A5A6B4}.Release|x64.ActiveCfg = Release|x64
		{6F7BED7E-14DF-4EDF-A83A-C83192A5A6B4}.Release|x64.Build.0 = Release|x64
		{6F7BED7E-14DF-4EDF-A83A-C83192A5A6B4}.Release|x86.ActiveCfg = Release|x86
		{6F7BED7E-14DF-4EDF-A83A-C83192A5A6B4}.Release|x86.Build.0 = Release|x86
		{5EBC2690-455E-4EEB-A7D1-99078A8D5844}.Debug|Any CPU.ActiveCfg = Debug|Any CPU
		{5EBC2690-455E-4EEB-A7D1-99078A8D5844}.Debug|Any CPU.Build.0 = Debug|Any CPU
		{5EBC2690-455E-4EEB-A7D1-99078A8D5844}.Debug|Mixed Platforms.ActiveCfg = Debug|x86
		{5EBC2690-455E-4EEB-A7D1-99078A8D5844}.Debug|Mixed Platforms.Build.0 = Debug|x86
		{5EBC2690-455E-4EEB-A7D1-99078A8D5844}.Debug|Win32.ActiveCfg = Debug|x86
		{5EBC2690-455E-4EEB-A7D1-99078A8D5844}.Debug|Win32.Build.0 = Debug|x86
		{5EBC2690-455E-4EEB-A7D1-99078A8D5844}.Debug|x64.ActiveCfg = Debug|x64
		{5EBC2690-455E-4EEB-A7D1-99078A8D5844}.Debug|x64.Build.0 = Debug|x64
		{5EBC2690-455E-4EEB-A7D1-99078A8D5844}.Debug|x86.ActiveCfg = Debug|x86
		{5EBC2690-455E-4EEB-A7D1-99078A8D5844}.Debug|x86.Build.0 = Debug|x86
		{5EBC2690-455E-4EEB-A7D1-99078A8D5844}.FileHackerNormalSet|Any CPU.ActiveCfg = FileHackerNormalSet|Any CPU
		{5EBC2690-455E-4EEB-A7D1-99078A8D5844}.FileHackerNormalSet|Any CPU.Build.0 = FileHackerNormalSet|Any CPU
		{5EBC2690-455E-4EEB-A7D1-99078A8D5844}.FileHackerNormalSet|Mixed Platforms.ActiveCfg = FileHackerNormalSet|x86
		{5EBC2690-455E-4EEB-A7D1-99078A8D5844}.FileHackerNormalSet|Mixed Platforms.Build.0 = FileHackerNormalSet|x86
		{5EBC2690-455E-4EEB-A7D1-99078A8D5844}.FileHackerNormalSet|Win32.ActiveCfg = FileHackerNormalSet|x86
		{5EBC2690-455E-4EEB-A7D1-99078A8D5844}.FileHackerNormalSet|Win32.Build.0 = FileHackerNormalSet|x86
		{5EBC2690-455E-4EEB-A7D1-99078A8D5844}.FileHackerNormalSet|x64.ActiveCfg = FileHackerNormalSet|x64
		{5EBC2690-455E-4EEB-A7D1-99078A8D5844}.FileHackerNormalSet|x64.Build.0 = FileHackerNormalSet|x64
		{5EBC2690-455E-4EEB-A7D1-99078A8D5844}.FileHackerNormalSet|x86.ActiveCfg = FileHackerNormalSet|x86
		{5EBC2690-455E-4EEB-A7D1-99078A8D5844}.FileHackerNormalSet|x86.Build.0 = FileHackerNormalSet|x86
		{5EBC2690-455E-4EEB-A7D1-99078A8D5844}.Release|Any CPU.ActiveCfg = Release|Any CPU
		{5EBC2690-455E-4EEB-A7D1-99078A8D5844}.Release|Any CPU.Build.0 = Release|Any CPU
		{5EBC2690-455E-4EEB-A7D1-99078A8D5844}.Release|Mixed Platforms.ActiveCfg = Release|x86
		{5EBC2690-455E-4EEB-A7D1-99078A8D5844}.Release|Mixed Platforms.Build.0 = Release|x86
		{5EBC2690-455E-4EEB-A7D1-99078A8D5844}.Release|Win32.ActiveCfg = Release|x86
		{5EBC2690-455E-4EEB-A7D1-99078A8D5844}.Release|Win32.Build.0 = Release|x86
		{5EBC2690-455E-4EEB-A7D1-99078A8D5844}.Release|x64.ActiveCfg = Release|x64
		{5EBC2690-455E-4EEB-A7D1-99078A8D5844}.Release|x64.Build.0 = Release|x64
		{5EBC2690-455E-4EEB-A7D1-99078A8D5844}.Release|x86.ActiveCfg = Release|x86
		{5EBC2690-455E-4EEB-A7D1-99078A8D5844}.Release|x86.Build.0 = Release|x86
		{D49D4436-7C27-40DF-AD74-99DECF88839E}.Debug|Any CPU.ActiveCfg = Debug|Any CPU
		{D49D4436-7C27-40DF-AD74-99DECF88839E}.Debug|Any CPU.Build.0 = Debug|Any CPU
		{D49D4436-7C27-40DF-AD74-99DECF88839E}.Debug|Mixed Platforms.ActiveCfg = Debug|x86
		{D49D4436-7C27-40DF-AD74-99DECF88839E}.Debug|Mixed Platforms.Build.0 = Debug|x86
		{D49D4436-7C27-40DF-AD74-99DECF88839E}.Debug|Win32.ActiveCfg = Debug|x86
		{D49D4436-7C27-40DF-AD74-99DECF88839E}.Debug|Win32.Build.0 = Debug|x86
		{D49D4436-7C27-40DF-AD74-99DECF88839E}.Debug|x64.ActiveCfg = Debug|x64
		{D49D4436-7C27-40DF-AD74-99DECF88839E}.Debug|x64.Build.0 = Debug|x64
		{D49D4436-7C27-40DF-AD74-99DECF88839E}.Debug|x86.ActiveCfg = Debug|x86
		{D49D4436-7C27-40DF-AD74-99DECF88839E}.Debug|x86.Build.0 = Debug|x86
		{D49D4436-7C27-40DF-AD74-99DECF88839E}.FileHackerNormalSet|Any CPU.ActiveCfg = Release|Any CPU
		{D49D4436-7C27-40DF-AD74-99DECF88839E}.FileHackerNormalSet|Mixed Platforms.ActiveCfg = Release|x86
		{D49D4436-7C27-40DF-AD74-99DECF88839E}.FileHackerNormalSet|Mixed Platforms.Build.0 = Release|x86
		{D49D4436-7C27-40DF-AD74-99DECF88839E}.FileHackerNormalSet|Win32.ActiveCfg = Release|x86
		{D49D4436-7C27-40DF-AD74-99DECF88839E}.FileHackerNormalSet|Win32.Build.0 = Release|x86
		{D49D4436-7C27-40DF-AD74-99DECF88839E}.FileHackerNormalSet|x64.ActiveCfg = Release|x64
		{D49D4436-7C27-40DF-AD74-99DECF88839E}.FileHackerNormalSet|x64.Build.0 = Release|x64
		{D49D4436-7C27-40DF-AD74-99DECF88839E}.FileHackerNormalSet|x86.ActiveCfg = Release|x86
		{D49D4436-7C27-40DF-AD74-99DECF88839E}.FileHackerNormalSet|x86.Build.0 = Release|x86
		{D49D4436-7C27-40DF-AD74-99DECF88839E}.Release|Any CPU.ActiveCfg = Release|Any CPU
		{D49D4436-7C27-40DF-AD74-99DECF88839E}.Release|Any CPU.Build.0 = Release|Any CPU
		{D49D4436-7C27-40DF-AD74-99DECF88839E}.Release|Mixed Platforms.ActiveCfg = Release|x86
		{D49D4436-7C27-40DF-AD74-99DECF88839E}.Release|Mixed Platforms.Build.0 = Release|x86
		{D49D4436-7C27-40DF-AD74-99DECF88839E}.Release|Win32.ActiveCfg = Release|x86
		{D49D4436-7C27-40DF-AD74-99DECF88839E}.Release|Win32.Build.0 = Release|x86
		{D49D4436-7C27-40DF-AD74-99DECF88839E}.Release|x64.ActiveCfg = Release|x64
		{D49D4436-7C27-40DF-AD74-99DECF88839E}.Release|x64.Build.0 = Release|x64
		{D49D4436-7C27-40DF-AD74-99DECF88839E}.Release|x86.ActiveCfg = Release|x86
		{D49D4436-7C27-40DF-AD74-99DECF88839E}.Release|x86.Build.0 = Release|x86
		{0E75F0B6-9048-4EDE-AD1F-286C3E2E205D}.Debug|Any CPU.ActiveCfg = Debug|Any CPU
		{0E75F0B6-9048-4EDE-AD1F-286C3E2E205D}.Debug|Any CPU.Build.0 = Debug|Any CPU
		{0E75F0B6-9048-4EDE-AD1F-286C3E2E205D}.Debug|Mixed Platforms.ActiveCfg = Debug|Any CPU
		{0E75F0B6-9048-4EDE-AD1F-286C3E2E205D}.Debug|Mixed Platforms.Build.0 = Debug|Any CPU
		{0E75F0B6-9048-4EDE-AD1F-286C3E2E205D}.Debug|Win32.ActiveCfg = Debug|Any CPU
		{0E75F0B6-9048-4EDE-AD1F-286C3E2E205D}.Debug|x64.ActiveCfg = Debug|Any CPU
		{0E75F0B6-9048-4EDE-AD1F-286C3E2E205D}.Debug|x86.ActiveCfg = Debug|Any CPU
		{0E75F0B6-9048-4EDE-AD1F-286C3E2E205D}.FileHackerNormalSet|Any CPU.ActiveCfg = Release|Any CPU
		{0E75F0B6-9048-4EDE-AD1F-286C3E2E205D}.FileHackerNormalSet|Mixed Platforms.ActiveCfg = Release|Any CPU
		{0E75F0B6-9048-4EDE-AD1F-286C3E2E205D}.FileHackerNormalSet|Mixed Platforms.Build.0 = Release|Any CPU
		{0E75F0B6-9048-4EDE-AD1F-286C3E2E205D}.FileHackerNormalSet|Win32.ActiveCfg = Release|Any CPU
		{0E75F0B6-9048-4EDE-AD1F-286C3E2E205D}.FileHackerNormalSet|x64.ActiveCfg = Release|Any CPU
		{0E75F0B6-9048-4EDE-AD1F-286C3E2E205D}.FileHackerNormalSet|x86.ActiveCfg = Release|Any CPU
		{0E75F0B6-9048-4EDE-AD1F-286C3E2E205D}.Release|Any CPU.ActiveCfg = Release|Any CPU
		{0E75F0B6-9048-4EDE-AD1F-286C3E2E205D}.Release|Any CPU.Build.0 = Release|Any CPU
		{0E75F0B6-9048-4EDE-AD1F-286C3E2E205D}.Release|Mixed Platforms.ActiveCfg = Release|Any CPU
		{0E75F0B6-9048-4EDE-AD1F-286C3E2E205D}.Release|Mixed Platforms.Build.0 = Release|Any CPU
		{0E75F0B6-9048-4EDE-AD1F-286C3E2E205D}.Release|Win32.ActiveCfg = Release|Any CPU
		{0E75F0B6-9048-4EDE-AD1F-286C3E2E205D}.Release|x64.ActiveCfg = Release|Any CPU
		{0E75F0B6-9048-4EDE-AD1F-286C3E2E205D}.Release|x86.ActiveCfg = Release|Any CPU
		{4942B65E-933E-4671-AB6F-D4F90126B94D}.Debug|Any CPU.ActiveCfg = Debug|Any CPU
		{4942B65E-933E-4671-AB6F-D4F90126B94D}.Debug|Any CPU.Build.0 = Debug|Any CPU
		{4942B65E-933E-4671-AB6F-D4F90126B94D}.Debug|Mixed Platforms.ActiveCfg = Debug|Any CPU
		{4942B65E-933E-4671-AB6F-D4F90126B94D}.Debug|Mixed Platforms.Build.0 = Debug|Any CPU
		{4942B65E-933E-4671-AB6F-D4F90126B94D}.Debug|Win32.ActiveCfg = Debug|Any CPU
		{4942B65E-933E-4671-AB6F-D4F90126B94D}.Debug|x64.ActiveCfg = Debug|Any CPU
		{4942B65E-933E-4671-AB6F-D4F90126B94D}.Debug|x86.ActiveCfg = Debug|Any CPU
		{4942B65E-933E-4671-AB6F-D4F90126B94D}.FileHackerNormalSet|Any CPU.ActiveCfg = Release|Any CPU
		{4942B65E-933E-4671-AB6F-D4F90126B94D}.FileHackerNormalSet|Mixed Platforms.ActiveCfg = Release|Any CPU
		{4942B65E-933E-4671-AB6F-D4F90126B94D}.FileHackerNormalSet|Mixed Platforms.Build.0 = Release|Any CPU
		{4942B65E-933E-4671-AB6F-D4F90126B94D}.FileHackerNormalSet|Win32.ActiveCfg = Release|Any CPU
		{4942B65E-933E-4671-AB6F-D4F90126B94D}.FileHackerNormalSet|x64.ActiveCfg = Release|Any CPU
		{4942B65E-933E-4671-AB6F-D4F90126B94D}.FileHackerNormalSet|x86.ActiveCfg = Release|Any CPU
		{4942B65E-933E-4671-AB6F-D4F90126B94D}.Release|Any CPU.ActiveCfg = Release|Any CPU
		{4942B65E-933E-4671-AB6F-D4F90126B94D}.Release|Any CPU.Build.0 = Release|Any CPU
		{4942B65E-933E-4671-AB6F-D4F90126B94D}.Release|Mixed Platforms.ActiveCfg = Release|Any CPU
		{4942B65E-933E-4671-AB6F-D4F90126B94D}.Release|Mixed Platforms.Build.0 = Release|Any CPU
		{4942B65E-933E-4671-AB6F-D4F90126B94D}.Release|Win32.ActiveCfg = Release|Any CPU
		{4942B65E-933E-4671-AB6F-D4F90126B94D}.Release|x64.ActiveCfg = Release|Any CPU
		{4942B65E-933E-4671-AB6F-D4F90126B94D}.Release|x86.ActiveCfg = Release|Any CPU
		{D2B9F73B-78FF-4377-B339-BE3F5BEEEAA2}.Debug|Any CPU.ActiveCfg = Debug|Any CPU
		{D2B9F73B-78FF-4377-B339-BE3F5BEEEAA2}.Debug|Any CPU.Build.0 = Debug|Any CPU
		{D2B9F73B-78FF-4377-B339-BE3F5BEEEAA2}.Debug|Mixed Platforms.ActiveCfg = Debug|x86
		{D2B9F73B-78FF-4377-B339-BE3F5BEEEAA2}.Debug|Mixed Platforms.Build.0 = Debug|x86
		{D2B9F73B-78FF-4377-B339-BE3F5BEEEAA2}.Debug|Win32.ActiveCfg = Debug|x86
		{D2B9F73B-78FF-4377-B339-BE3F5BEEEAA2}.Debug|Win32.Build.0 = Debug|x86
		{D2B9F73B-78FF-4377-B339-BE3F5BEEEAA2}.Debug|x64.ActiveCfg = Debug|x64
		{D2B9F73B-78FF-4377-B339-BE3F5BEEEAA2}.Debug|x64.Build.0 = Debug|x64
		{D2B9F73B-78FF-4377-B339-BE3F5BEEEAA2}.Debug|x86.ActiveCfg = Debug|x86
		{D2B9F73B-78FF-4377-B339-BE3F5BEEEAA2}.Debug|x86.Build.0 = Debug|x86
		{D2B9F73B-78FF-4377-B339-BE3F5BEEEAA2}.FileHackerNormalSet|Any CPU.ActiveCfg = FileHackerNormalSet|Any CPU
		{D2B9F73B-78FF-4377-B339-BE3F5BEEEAA2}.FileHackerNormalSet|Any CPU.Build.0 = FileHackerNormalSet|Any CPU
		{D2B9F73B-78FF-4377-B339-BE3F5BEEEAA2}.FileHackerNormalSet|Mixed Platforms.ActiveCfg = FileHackerNormalSet|x86
		{D2B9F73B-78FF-4377-B339-BE3F5BEEEAA2}.FileHackerNormalSet|Mixed Platforms.Build.0 = FileHackerNormalSet|x86
		{D2B9F73B-78FF-4377-B339-BE3F5BEEEAA2}.FileHackerNormalSet|Win32.ActiveCfg = FileHackerNormalSet|x86
		{D2B9F73B-78FF-4377-B339-BE3F5BEEEAA2}.FileHackerNormalSet|Win32.Build.0 = FileHackerNormalSet|x86
		{D2B9F73B-78FF-4377-B339-BE3F5BEEEAA2}.FileHackerNormalSet|x64.ActiveCfg = FileHackerNormalSet|x64
		{D2B9F73B-78FF-4377-B339-BE3F5BEEEAA2}.FileHackerNormalSet|x64.Build.0 = FileHackerNormalSet|x64
		{D2B9F73B-78FF-4377-B339-BE3F5BEEEAA2}.FileHackerNormalSet|x86.ActiveCfg = FileHackerNormalSet|x86
		{D2B9F73B-78FF-4377-B339-BE3F5BEEEAA2}.FileHackerNormalSet|x86.Build.0 = FileHackerNormalSet|x86
		{D2B9F73B-78FF-4377-B339-BE3F5BEEEAA2}.Release|Any CPU.ActiveCfg = Release|Any CPU
		{D2B9F73B-78FF-4377-B339-BE3F5BEEEAA2}.Release|Any CPU.Build.0 = Release|Any CPU
		{D2B9F73B-78FF-4377-B339-BE3F5BEEEAA2}.Release|Mixed Platforms.ActiveCfg = Release|x86
		{D2B9F73B-78FF-4377-B339-BE3F5BEEEAA2}.Release|Mixed Platforms.Build.0 = Release|x86
		{D2B9F73B-78FF-4377-B339-BE3F5BEEEAA2}.Release|Win32.ActiveCfg = Release|x86
		{D2B9F73B-78FF-4377-B339-BE3F5BEEEAA2}.Release|Win32.Build.0 = Release|x86
		{D2B9F73B-78FF-4377-B339-BE3F5BEEEAA2}.Release|x64.ActiveCfg = Release|x64
		{D2B9F73B-78FF-4377-B339-BE3F5BEEEAA2}.Release|x64.Build.0 = Release|x64
		{D2B9F73B-78FF-4377-B339-BE3F5BEEEAA2}.Release|x86.ActiveCfg = Release|x86
		{D2B9F73B-78FF-4377-B339-BE3F5BEEEAA2}.Release|x86.Build.0 = Release|x86
		{E924CE93-18B5-427B-9BF0-C9207E999E0D}.Debug|Any CPU.ActiveCfg = Debug|Any CPU
		{E924CE93-18B5-427B-9BF0-C9207E999E0D}.Debug|Any CPU.Build.0 = Debug|Any CPU
		{E924CE93-18B5-427B-9BF0-C9207E999E0D}.Debug|Mixed Platforms.ActiveCfg = Debug|x86
		{E924CE93-18B5-427B-9BF0-C9207E999E0D}.Debug|Mixed Platforms.Build.0 = Debug|x86
		{E924CE93-18B5-427B-9BF0-C9207E999E0D}.Debug|Win32.ActiveCfg = Debug|x86
		{E924CE93-18B5-427B-9BF0-C9207E999E0D}.Debug|Win32.Build.0 = Debug|x86
		{E924CE93-18B5-427B-9BF0-C9207E999E0D}.Debug|x64.ActiveCfg = Debug|x64
		{E924CE93-18B5-427B-9BF0-C9207E999E0D}.Debug|x64.Build.0 = Debug|x64
		{E924CE93-18B5-427B-9BF0-C9207E999E0D}.Debug|x86.ActiveCfg = Debug|x86
		{E924CE93-18B5-427B-9BF0-C9207E999E0D}.Debug|x86.Build.0 = Debug|x86
		{E924CE93-18B5-427B-9BF0-C9207E999E0D}.FileHackerNormalSet|Any CPU.ActiveCfg = FileHackerNormalSet|Any CPU
		{E924CE93-18B5-427B-9BF0-C9207E999E0D}.FileHackerNormalSet|Any CPU.Build.0 = FileHackerNormalSet|Any CPU
		{E924CE93-18B5-427B-9BF0-C9207E999E0D}.FileHackerNormalSet|Mixed Platforms.ActiveCfg = FileHackerNormalSet|x86
		{E924CE93-18B5-427B-9BF0-C9207E999E0D}.FileHackerNormalSet|Mixed Platforms.Build.0 = FileHackerNormalSet|x86
		{E924CE93-18B5-427B-9BF0-C9207E999E0D}.FileHackerNormalSet|Win32.ActiveCfg = FileHackerNormalSet|x86
		{E924CE93-18B5-427B-9BF0-C9207E999E0D}.FileHackerNormalSet|Win32.Build.0 = FileHackerNormalSet|x86
		{E924CE93-18B5-427B-9BF0-C9207E999E0D}.FileHackerNormalSet|x64.ActiveCfg = FileHackerNormalSet|x64
		{E924CE93-18B5-427B-9BF0-C9207E999E0D}.FileHackerNormalSet|x64.Build.0 = FileHackerNormalSet|x64
		{E924CE93-18B5-427B-9BF0-C9207E999E0D}.FileHackerNormalSet|x86.ActiveCfg = FileHackerNormalSet|x86
		{E924CE93-18B5-427B-9BF0-C9207E999E0D}.FileHackerNormalSet|x86.Build.0 = FileHackerNormalSet|x86
		{E924CE93-18B5-427B-9BF0-C9207E999E0D}.Release|Any CPU.ActiveCfg = Release|Any CPU
		{E924CE93-18B5-427B-9BF0-C9207E999E0D}.Release|Any CPU.Build.0 = Release|Any CPU
		{E924CE93-18B5-427B-9BF0-C9207E999E0D}.Release|Mixed Platforms.ActiveCfg = Release|x86
		{E924CE93-18B5-427B-9BF0-C9207E999E0D}.Release|Mixed Platforms.Build.0 = Release|x86
		{E924CE93-18B5-427B-9BF0-C9207E999E0D}.Release|Win32.ActiveCfg = Release|x86
		{E924CE93-18B5-427B-9BF0-C9207E999E0D}.Release|Win32.Build.0 = Release|x86
		{E924CE93-18B5-427B-9BF0-C9207E999E0D}.Release|x64.ActiveCfg = Release|x64
		{E924CE93-18B5-427B-9BF0-C9207E999E0D}.Release|x64.Build.0 = Release|x64
		{E924CE93-18B5-427B-9BF0-C9207E999E0D}.Release|x86.ActiveCfg = Release|x86
		{E924CE93-18B5-427B-9BF0-C9207E999E0D}.Release|x86.Build.0 = Release|x86
		{F7D975CC-C5E3-4D2A-9CFF-9F6C8CE24032}.Debug|Any CPU.ActiveCfg = Debug|Any CPU
		{F7D975CC-C5E3-4D2A-9CFF-9F6C8CE24032}.Debug|Any CPU.Build.0 = Debug|Any CPU
		{F7D975CC-C5E3-4D2A-9CFF-9F6C8CE24032}.Debug|Mixed Platforms.ActiveCfg = Debug|Any CPU
		{F7D975CC-C5E3-4D2A-9CFF-9F6C8CE24032}.Debug|Mixed Platforms.Build.0 = Debug|Any CPU
		{F7D975CC-C5E3-4D2A-9CFF-9F6C8CE24032}.Debug|Win32.ActiveCfg = Debug|Any CPU
		{F7D975CC-C5E3-4D2A-9CFF-9F6C8CE24032}.Debug|x64.ActiveCfg = Debug|Any CPU
		{F7D975CC-C5E3-4D2A-9CFF-9F6C8CE24032}.Debug|x86.ActiveCfg = Debug|Any CPU
		{F7D975CC-C5E3-4D2A-9CFF-9F6C8CE24032}.FileHackerNormalSet|Any CPU.ActiveCfg = Release|Any CPU
		{F7D975CC-C5E3-4D2A-9CFF-9F6C8CE24032}.FileHackerNormalSet|Mixed Platforms.ActiveCfg = Release|Any CPU
		{F7D975CC-C5E3-4D2A-9CFF-9F6C8CE24032}.FileHackerNormalSet|Mixed Platforms.Build.0 = Release|Any CPU
		{F7D975CC-C5E3-4D2A-9CFF-9F6C8CE24032}.FileHackerNormalSet|Win32.ActiveCfg = Release|Any CPU
		{F7D975CC-C5E3-4D2A-9CFF-9F6C8CE24032}.FileHackerNormalSet|x64.ActiveCfg = Release|Any CPU
		{F7D975CC-C5E3-4D2A-9CFF-9F6C8CE24032}.FileHackerNormalSet|x86.ActiveCfg = Release|Any CPU
		{F7D975CC-C5E3-4D2A-9CFF-9F6C8CE24032}.Release|Any CPU.ActiveCfg = Release|Any CPU
		{F7D975CC-C5E3-4D2A-9CFF-9F6C8CE24032}.Release|Any CPU.Build.0 = Release|Any CPU
		{F7D975CC-C5E3-4D2A-9CFF-9F6C8CE24032}.Release|Mixed Platforms.ActiveCfg = Release|Any CPU
		{F7D975CC-C5E3-4D2A-9CFF-9F6C8CE24032}.Release|Mixed Platforms.Build.0 = Release|Any CPU
		{F7D975CC-C5E3-4D2A-9CFF-9F6C8CE24032}.Release|Win32.ActiveCfg = Release|Any CPU
		{F7D975CC-C5E3-4D2A-9CFF-9F6C8CE24032}.Release|x64.ActiveCfg = Release|Any CPU
		{F7D975CC-C5E3-4D2A-9CFF-9F6C8CE24032}.Release|x86.ActiveCfg = Release|Any CPU
		{DCF6EED2-2AE8-4A1B-919C-FBD254E70E9C}.Debug|Any CPU.ActiveCfg = Debug|Any CPU
		{DCF6EED2-2AE8-4A1B-919C-FBD254E70E9C}.Debug|Any CPU.Build.0 = Debug|Any CPU
		{DCF6EED2-2AE8-4A1B-919C-FBD254E70E9C}.Debug|Mixed Platforms.ActiveCfg = Debug|Any CPU
		{DCF6EED2-2AE8-4A1B-919C-FBD254E70E9C}.Debug|Mixed Platforms.Build.0 = Debug|Any CPU
		{DCF6EED2-2AE8-4A1B-919C-FBD254E70E9C}.Debug|Win32.ActiveCfg = Debug|Any CPU
		{DCF6EED2-2AE8-4A1B-919C-FBD254E70E9C}.Debug|x64.ActiveCfg = Debug|Any CPU
		{DCF6EED2-2AE8-4A1B-919C-FBD254E70E9C}.Debug|x86.ActiveCfg = Debug|Any CPU
		{DCF6EED2-2AE8-4A1B-919C-FBD254E70E9C}.FileHackerNormalSet|Any CPU.ActiveCfg = Release|Any CPU
		{DCF6EED2-2AE8-4A1B-919C-FBD254E70E9C}.FileHackerNormalSet|Mixed Platforms.ActiveCfg = Release|Any CPU
		{DCF6EED2-2AE8-4A1B-919C-FBD254E70E9C}.FileHackerNormalSet|Mixed Platforms.Build.0 = Release|Any CPU
		{DCF6EED2-2AE8-4A1B-919C-FBD254E70E9C}.FileHackerNormalSet|Win32.ActiveCfg = Release|Any CPU
		{DCF6EED2-2AE8-4A1B-919C-FBD254E70E9C}.FileHackerNormalSet|x64.ActiveCfg = Release|Any CPU
		{DCF6EED2-2AE8-4A1B-919C-FBD254E70E9C}.FileHackerNormalSet|x86.ActiveCfg = Release|Any CPU
		{DCF6EED2-2AE8-4A1B-919C-FBD254E70E9C}.Release|Any CPU.ActiveCfg = Release|Any CPU
		{DCF6EED2-2AE8-4A1B-919C-FBD254E70E9C}.Release|Any CPU.Build.0 = Release|Any CPU
		{DCF6EED2-2AE8-4A1B-919C-FBD254E70E9C}.Release|Mixed Platforms.ActiveCfg = Release|Any CPU
		{DCF6EED2-2AE8-4A1B-919C-FBD254E70E9C}.Release|Mixed Platforms.Build.0 = Release|Any CPU
		{DCF6EED2-2AE8-4A1B-919C-FBD254E70E9C}.Release|Win32.ActiveCfg = Release|Any CPU
		{DCF6EED2-2AE8-4A1B-919C-FBD254E70E9C}.Release|x64.ActiveCfg = Release|Any CPU
		{DCF6EED2-2AE8-4A1B-919C-FBD254E70E9C}.Release|x86.ActiveCfg = Release|Any CPU
		{4B929D8B-2CA3-49A3-B909-9056428C0367}.Debug|Any CPU.ActiveCfg = Debug|Any CPU
		{4B929D8B-2CA3-49A3-B909-9056428C0367}.Debug|Any CPU.Build.0 = Debug|Any CPU
		{4B929D8B-2CA3-49A3-B909-9056428C0367}.Debug|Mixed Platforms.ActiveCfg = Debug|x86
		{4B929D8B-2CA3-49A3-B909-9056428C0367}.Debug|Mixed Platforms.Build.0 = Debug|x86
		{4B929D8B-2CA3-49A3-B909-9056428C0367}.Debug|Win32.ActiveCfg = Debug|x86
		{4B929D8B-2CA3-49A3-B909-9056428C0367}.Debug|Win32.Build.0 = Debug|x86
		{4B929D8B-2CA3-49A3-B909-9056428C0367}.Debug|x64.ActiveCfg = Debug|x64
		{4B929D8B-2CA3-49A3-B909-9056428C0367}.Debug|x64.Build.0 = Debug|x64
		{4B929D8B-2CA3-49A3-B909-9056428C0367}.Debug|x86.ActiveCfg = Debug|x86
		{4B929D8B-2CA3-49A3-B909-9056428C0367}.Debug|x86.Build.0 = Debug|x86
		{4B929D8B-2CA3-49A3-B909-9056428C0367}.FileHackerNormalSet|Any CPU.ActiveCfg = Release|Any CPU
		{4B929D8B-2CA3-49A3-B909-9056428C0367}.FileHackerNormalSet|Mixed Platforms.ActiveCfg = Release|x86
		{4B929D8B-2CA3-49A3-B909-9056428C0367}.FileHackerNormalSet|Mixed Platforms.Build.0 = Release|x86
		{4B929D8B-2CA3-49A3-B909-9056428C0367}.FileHackerNormalSet|Win32.ActiveCfg = Release|x86
		{4B929D8B-2CA3-49A3-B909-9056428C0367}.FileHackerNormalSet|Win32.Build.0 = Release|x86
		{4B929D8B-2CA3-49A3-B909-9056428C0367}.FileHackerNormalSet|x64.ActiveCfg = Release|x64
		{4B929D8B-2CA3-49A3-B909-9056428C0367}.FileHackerNormalSet|x64.Build.0 = Release|x64
		{4B929D8B-2CA3-49A3-B909-9056428C0367}.FileHackerNormalSet|x86.ActiveCfg = Release|x86
		{4B929D8B-2CA3-49A3-B909-9056428C0367}.FileHackerNormalSet|x86.Build.0 = Release|x86
		{4B929D8B-2CA3-49A3-B909-9056428C0367}.Release|Any CPU.ActiveCfg = Release|Any CPU
		{4B929D8B-2CA3-49A3-B909-9056428C0367}.Release|Any CPU.Build.0 = Release|Any CPU
		{4B929D8B-2CA3-49A3-B909-9056428C0367}.Release|Mixed Platforms.ActiveCfg = Release|x86
		{4B929D8B-2CA3-49A3-B909-9056428C0367}.Release|Mixed Platforms.Build.0 = Release|x86
		{4B929D8B-2CA3-49A3-B909-9056428C0367}.Release|Win32.ActiveCfg = Release|x86
		{4B929D8B-2CA3-49A3-B909-9056428C0367}.Release|Win32.Build.0 = Release|x86
		{4B929D8B-2CA3-49A3-B909-9056428C0367}.Release|x64.ActiveCfg = Release|x64
		{4B929D8B-2CA3-49A3-B909-9056428C0367}.Release|x64.Build.0 = Release|x64
		{4B929D8B-2CA3-49A3-B909-9056428C0367}.Release|x86.ActiveCfg = Release|x86
		{4B929D8B-2CA3-49A3-B909-9056428C0367}.Release|x86.Build.0 = Release|x86
		{417265AB-23F6-4520-B23A-1B97FDD0F8B1}.Debug|Any CPU.ActiveCfg = Debug|Any CPU
		{417265AB-23F6-4520-B23A-1B97FDD0F8B1}.Debug|Any CPU.Build.0 = Debug|Any CPU
		{417265AB-23F6-4520-B23A-1B97FDD0F8B1}.Debug|Mixed Platforms.ActiveCfg = Debug|Any CPU
		{417265AB-23F6-4520-B23A-1B97FDD0F8B1}.Debug|Mixed Platforms.Build.0 = Debug|Any CPU
		{417265AB-23F6-4520-B23A-1B97FDD0F8B1}.Debug|Win32.ActiveCfg = Debug|Any CPU
		{417265AB-23F6-4520-B23A-1B97FDD0F8B1}.Debug|x64.ActiveCfg = Debug|Any CPU
		{417265AB-23F6-4520-B23A-1B97FDD0F8B1}.Debug|x86.ActiveCfg = Debug|Any CPU
		{417265AB-23F6-4520-B23A-1B97FDD0F8B1}.FileHackerNormalSet|Any CPU.ActiveCfg = Release|Any CPU
		{417265AB-23F6-4520-B23A-1B97FDD0F8B1}.FileHackerNormalSet|Any CPU.Build.0 = Release|Any CPU
		{417265AB-23F6-4520-B23A-1B97FDD0F8B1}.FileHackerNormalSet|Mixed Platforms.ActiveCfg = Release|Any CPU
		{417265AB-23F6-4520-B23A-1B97FDD0F8B1}.FileHackerNormalSet|Mixed Platforms.Build.0 = Release|Any CPU
		{417265AB-23F6-4520-B23A-1B97FDD0F8B1}.FileHackerNormalSet|Win32.ActiveCfg = Release|Any CPU
		{417265AB-23F6-4520-B23A-1B97FDD0F8B1}.FileHackerNormalSet|x64.ActiveCfg = Release|Any CPU
		{417265AB-23F6-4520-B23A-1B97FDD0F8B1}.FileHackerNormalSet|x86.ActiveCfg = Release|Any CPU
		{417265AB-23F6-4520-B23A-1B97FDD0F8B1}.Release|Any CPU.ActiveCfg = Release|Any CPU
		{417265AB-23F6-4520-B23A-1B97FDD0F8B1}.Release|Any CPU.Build.0 = Release|Any CPU
		{417265AB-23F6-4520-B23A-1B97FDD0F8B1}.Release|Mixed Platforms.ActiveCfg = Release|Any CPU
		{417265AB-23F6-4520-B23A-1B97FDD0F8B1}.Release|Mixed Platforms.Build.0 = Release|Any CPU
		{417265AB-23F6-4520-B23A-1B97FDD0F8B1}.Release|Win32.ActiveCfg = Release|Any CPU
		{417265AB-23F6-4520-B23A-1B97FDD0F8B1}.Release|x64.ActiveCfg = Release|Any CPU
		{417265AB-23F6-4520-B23A-1B97FDD0F8B1}.Release|x86.ActiveCfg = Release|Any CPU
		{7FDAB040-5FC4-43B1-AFFF-DC200FDA1D25}.Debug|Any CPU.ActiveCfg = Debug|Any CPU
		{7FDAB040-5FC4-43B1-AFFF-DC200FDA1D25}.Debug|Any CPU.Build.0 = Debug|Any CPU
		{7FDAB040-5FC4-43B1-AFFF-DC200FDA1D25}.Debug|Mixed Platforms.ActiveCfg = Debug|Any CPU
		{7FDAB040-5FC4-43B1-AFFF-DC200FDA1D25}.Debug|Mixed Platforms.Build.0 = Debug|Any CPU
		{7FDAB040-5FC4-43B1-AFFF-DC200FDA1D25}.Debug|Win32.ActiveCfg = Debug|Any CPU
		{7FDAB040-5FC4-43B1-AFFF-DC200FDA1D25}.Debug|x64.ActiveCfg = Debug|Any CPU
		{7FDAB040-5FC4-43B1-AFFF-DC200FDA1D25}.Debug|x86.ActiveCfg = Debug|Any CPU
		{7FDAB040-5FC4-43B1-AFFF-DC200FDA1D25}.FileHackerNormalSet|Any CPU.ActiveCfg = Release|Any CPU
		{7FDAB040-5FC4-43B1-AFFF-DC200FDA1D25}.FileHackerNormalSet|Any CPU.Build.0 = Release|Any CPU
		{7FDAB040-5FC4-43B1-AFFF-DC200FDA1D25}.FileHackerNormalSet|Mixed Platforms.ActiveCfg = Release|Any CPU
		{7FDAB040-5FC4-43B1-AFFF-DC200FDA1D25}.FileHackerNormalSet|Mixed Platforms.Build.0 = Release|Any CPU
		{7FDAB040-5FC4-43B1-AFFF-DC200FDA1D25}.FileHackerNormalSet|Win32.ActiveCfg = Release|Any CPU
		{7FDAB040-5FC4-43B1-AFFF-DC200FDA1D25}.FileHackerNormalSet|x64.ActiveCfg = Release|Any CPU
		{7FDAB040-5FC4-43B1-AFFF-DC200FDA1D25}.FileHackerNormalSet|x86.ActiveCfg = Release|Any CPU
		{7FDAB040-5FC4-43B1-AFFF-DC200FDA1D25}.Release|Any CPU.ActiveCfg = Release|Any CPU
		{7FDAB040-5FC4-43B1-AFFF-DC200FDA1D25}.Release|Any CPU.Build.0 = Release|Any CPU
		{7FDAB040-5FC4-43B1-AFFF-DC200FDA1D25}.Release|Mixed Platforms.ActiveCfg = Release|Any CPU
		{7FDAB040-5FC4-43B1-AFFF-DC200FDA1D25}.Release|Mixed Platforms.Build.0 = Release|Any CPU
		{7FDAB040-5FC4-43B1-AFFF-DC200FDA1D25}.Release|Win32.ActiveCfg = Release|Any CPU
		{7FDAB040-5FC4-43B1-AFFF-DC200FDA1D25}.Release|x64.ActiveCfg = Release|Any CPU
		{7FDAB040-5FC4-43B1-AFFF-DC200FDA1D25}.Release|x86.ActiveCfg = Release|Any CPU
		{12D883FD-CDFA-4B88-94EA-171A6F5836D8}.Debug|Any CPU.ActiveCfg = Debug|Any CPU
		{12D883FD-CDFA-4B88-94EA-171A6F5836D8}.Debug|Any CPU.Build.0 = Debug|Any CPU
		{12D883FD-CDFA-4B88-94EA-171A6F5836D8}.Debug|Mixed Platforms.ActiveCfg = Debug|Any CPU
		{12D883FD-CDFA-4B88-94EA-171A6F5836D8}.Debug|Mixed Platforms.Build.0 = Debug|Any CPU
		{12D883FD-CDFA-4B88-94EA-171A6F5836D8}.Debug|Win32.ActiveCfg = Debug|Any CPU
		{12D883FD-CDFA-4B88-94EA-171A6F5836D8}.Debug|x64.ActiveCfg = Debug|Any CPU
		{12D883FD-CDFA-4B88-94EA-171A6F5836D8}.Debug|x86.ActiveCfg = Debug|Any CPU
		{12D883FD-CDFA-4B88-94EA-171A6F5836D8}.FileHackerNormalSet|Any CPU.ActiveCfg = Release|Any CPU
		{12D883FD-CDFA-4B88-94EA-171A6F5836D8}.FileHackerNormalSet|Any CPU.Build.0 = Release|Any CPU
		{12D883FD-CDFA-4B88-94EA-171A6F5836D8}.FileHackerNormalSet|Mixed Platforms.ActiveCfg = Release|Any CPU
		{12D883FD-CDFA-4B88-94EA-171A6F5836D8}.FileHackerNormalSet|Mixed Platforms.Build.0 = Release|Any CPU
		{12D883FD-CDFA-4B88-94EA-171A6F5836D8}.FileHackerNormalSet|Win32.ActiveCfg = Release|Any CPU
		{12D883FD-CDFA-4B88-94EA-171A6F5836D8}.FileHackerNormalSet|x64.ActiveCfg = Release|Any CPU
		{12D883FD-CDFA-4B88-94EA-171A6F5836D8}.FileHackerNormalSet|x86.ActiveCfg = Release|Any CPU
		{12D883FD-CDFA-4B88-94EA-171A6F5836D8}.Release|Any CPU.ActiveCfg = Release|Any CPU
		{12D883FD-CDFA-4B88-94EA-171A6F5836D8}.Release|Any CPU.Build.0 = Release|Any CPU
		{12D883FD-CDFA-4B88-94EA-171A6F5836D8}.Release|Mixed Platforms.ActiveCfg = Release|Any CPU
		{12D883FD-CDFA-4B88-94EA-171A6F5836D8}.Release|Mixed Platforms.Build.0 = Release|Any CPU
		{12D883FD-CDFA-4B88-94EA-171A6F5836D8}.Release|Win32.ActiveCfg = Release|Any CPU
		{12D883FD-CDFA-4B88-94EA-171A6F5836D8}.Release|x64.ActiveCfg = Release|Any CPU
		{12D883FD-CDFA-4B88-94EA-171A6F5836D8}.Release|x86.ActiveCfg = Release|Any CPU
		{B33D214D-5189-4BDE-AA38-FB6461DA2BAA}.Debug|Any CPU.ActiveCfg = Debug|Any CPU
		{B33D214D-5189-4BDE-AA38-FB6461DA2BAA}.Debug|Any CPU.Build.0 = Debug|Any CPU
		{B33D214D-5189-4BDE-AA38-FB6461DA2BAA}.Debug|Mixed Platforms.ActiveCfg = Debug|Any CPU
		{B33D214D-5189-4BDE-AA38-FB6461DA2BAA}.Debug|Mixed Platforms.Build.0 = Debug|Any CPU
		{B33D214D-5189-4BDE-AA38-FB6461DA2BAA}.Debug|Win32.ActiveCfg = Debug|Any CPU
		{B33D214D-5189-4BDE-AA38-FB6461DA2BAA}.Debug|x64.ActiveCfg = Debug|Any CPU
		{B33D214D-5189-4BDE-AA38-FB6461DA2BAA}.Debug|x86.ActiveCfg = Debug|Any CPU
		{B33D214D-5189-4BDE-AA38-FB6461DA2BAA}.FileHackerNormalSet|Any CPU.ActiveCfg = Release|Any CPU
		{B33D214D-5189-4BDE-AA38-FB6461DA2BAA}.FileHackerNormalSet|Any CPU.Build.0 = Release|Any CPU
		{B33D214D-5189-4BDE-AA38-FB6461DA2BAA}.FileHackerNormalSet|Mixed Platforms.ActiveCfg = Release|Any CPU
		{B33D214D-5189-4BDE-AA38-FB6461DA2BAA}.FileHackerNormalSet|Mixed Platforms.Build.0 = Release|Any CPU
		{B33D214D-5189-4BDE-AA38-FB6461DA2BAA}.FileHackerNormalSet|Win32.ActiveCfg = Release|Any CPU
		{B33D214D-5189-4BDE-AA38-FB6461DA2BAA}.FileHackerNormalSet|x64.ActiveCfg = Release|Any CPU
		{B33D214D-5189-4BDE-AA38-FB6461DA2BAA}.FileHackerNormalSet|x86.ActiveCfg = Release|Any CPU
		{B33D214D-5189-4BDE-AA38-FB6461DA2BAA}.Release|Any CPU.ActiveCfg = Release|Any CPU
		{B33D214D-5189-4BDE-AA38-FB6461DA2BAA}.Release|Any CPU.Build.0 = Release|Any CPU
		{B33D214D-5189-4BDE-AA38-FB6461DA2BAA}.Release|Mixed Platforms.ActiveCfg = Release|Any CPU
		{B33D214D-5189-4BDE-AA38-FB6461DA2BAA}.Release|Mixed Platforms.Build.0 = Release|Any CPU
		{B33D214D-5189-4BDE-AA38-FB6461DA2BAA}.Release|Win32.ActiveCfg = Release|Any CPU
		{B33D214D-5189-4BDE-AA38-FB6461DA2BAA}.Release|x64.ActiveCfg = Release|Any CPU
		{B33D214D-5189-4BDE-AA38-FB6461DA2BAA}.Release|x86.ActiveCfg = Release|Any CPU
		{BEF18B81-2C71-4EF6-906C-E0933E319C5B}.Debug|Any CPU.ActiveCfg = Debug|Any CPU
		{BEF18B81-2C71-4EF6-906C-E0933E319C5B}.Debug|Any CPU.Build.0 = Debug|Any CPU
		{BEF18B81-2C71-4EF6-906C-E0933E319C5B}.Debug|Mixed Platforms.ActiveCfg = Debug|Any CPU
		{BEF18B81-2C71-4EF6-906C-E0933E319C5B}.Debug|Mixed Platforms.Build.0 = Debug|Any CPU
		{BEF18B81-2C71-4EF6-906C-E0933E319C5B}.Debug|Win32.ActiveCfg = Debug|Any CPU
		{BEF18B81-2C71-4EF6-906C-E0933E319C5B}.Debug|x64.ActiveCfg = Debug|Any CPU
		{BEF18B81-2C71-4EF6-906C-E0933E319C5B}.Debug|x86.ActiveCfg = Debug|Any CPU
		{BEF18B81-2C71-4EF6-906C-E0933E319C5B}.FileHackerNormalSet|Any CPU.ActiveCfg = Release|Any CPU
		{BEF18B81-2C71-4EF6-906C-E0933E319C5B}.FileHackerNormalSet|Any CPU.Build.0 = Release|Any CPU
		{BEF18B81-2C71-4EF6-906C-E0933E319C5B}.FileHackerNormalSet|Mixed Platforms.ActiveCfg = Release|Any CPU
		{BEF18B81-2C71-4EF6-906C-E0933E319C5B}.FileHackerNormalSet|Mixed Platforms.Build.0 = Release|Any CPU
		{BEF18B81-2C71-4EF6-906C-E0933E319C5B}.FileHackerNormalSet|Win32.ActiveCfg = Release|Any CPU
		{BEF18B81-2C71-4EF6-906C-E0933E319C5B}.FileHackerNormalSet|x64.ActiveCfg = Release|Any CPU
		{BEF18B81-2C71-4EF6-906C-E0933E319C5B}.FileHackerNormalSet|x86.ActiveCfg = Release|Any CPU
		{BEF18B81-2C71-4EF6-906C-E0933E319C5B}.Release|Any CPU.ActiveCfg = Release|Any CPU
		{BEF18B81-2C71-4EF6-906C-E0933E319C5B}.Release|Any CPU.Build.0 = Release|Any CPU
		{BEF18B81-2C71-4EF6-906C-E0933E319C5B}.Release|Mixed Platforms.ActiveCfg = Release|Any CPU
		{BEF18B81-2C71-4EF6-906C-E0933E319C5B}.Release|Mixed Platforms.Build.0 = Release|Any CPU
		{BEF18B81-2C71-4EF6-906C-E0933E319C5B}.Release|Win32.ActiveCfg = Release|Any CPU
		{BEF18B81-2C71-4EF6-906C-E0933E319C5B}.Release|x64.ActiveCfg = Release|Any CPU
		{BEF18B81-2C71-4EF6-906C-E0933E319C5B}.Release|x86.ActiveCfg = Release|Any CPU
	EndGlobalSection
	GlobalSection(SolutionProperties) = preSolution
		HideSolutionNode = FALSE
	EndGlobalSection
EndGlobal
